// !$*UTF8*$!
{
	archiveVersion = 1;
	classes = {
	};
	objectVersion = 50;
	objects = {

/* Begin PBXBuildFile section */
		83EBF5E225D893670041D21D /* TouchdownApp.swift in Sources */ = {isa = PBXBuildFile; fileRef = 83EBF5E125D893670041D21D /* TouchdownApp.swift */; };
		83EBF5E425D893670041D21D /* ContentView.swift in Sources */ = {isa = PBXBuildFile; fileRef = 83EBF5E325D893670041D21D /* ContentView.swift */; };
		83EBF5E625D893680041D21D /* Assets.xcassets in Resources */ = {isa = PBXBuildFile; fileRef = 83EBF5E525D893680041D21D /* Assets.xcassets */; };
		83EBF5E925D893680041D21D /* Preview Assets.xcassets in Resources */ = {isa = PBXBuildFile; fileRef = 83EBF5E825D893680041D21D /* Preview Assets.xcassets */; };
		83EBF5F625D894B10041D21D /* brand.json in Resources */ = {isa = PBXBuildFile; fileRef = 83EBF5F225D894B10041D21D /* brand.json */; };
		83EBF5F725D894B10041D21D /* player.json in Resources */ = {isa = PBXBuildFile; fileRef = 83EBF5F325D894B10041D21D /* player.json */; };
		83EBF5F825D894B10041D21D /* product.json in Resources */ = {isa = PBXBuildFile; fileRef = 83EBF5F425D894B10041D21D /* product.json */; };
		83EBF5F925D894B10041D21D /* category.json in Resources */ = {isa = PBXBuildFile; fileRef = 83EBF5F525D894B10041D21D /* category.json */; };
		83EBF60525D8A4050041D21D /* Constants.swift in Sources */ = {isa = PBXBuildFile; fileRef = 83EBF60425D8A4050041D21D /* Constants.swift */; };
		83EBF60825D8A4F50041D21D /* FooterView.swift in Sources */ = {isa = PBXBuildFile; fileRef = 83EBF60725D8A4F50041D21D /* FooterView.swift */; };
/* End PBXBuildFile section */

/* Begin PBXFileReference section */
		83EBF5DE25D893670041D21D /* Touchdown.app */ = {isa = PBXFileReference; explicitFileType = wrapper.application; includeInIndex = 0; path = Touchdown.app; sourceTree = BUILT_PRODUCTS_DIR; };
		83EBF5E125D893670041D21D /* TouchdownApp.swift */ = {isa = PBXFileReference; lastKnownFileType = sourcecode.swift; path = TouchdownApp.swift; sourceTree = "<group>"; };
		83EBF5E325D893670041D21D /* ContentView.swift */ = {isa = PBXFileReference; lastKnownFileType = sourcecode.swift; path = ContentView.swift; sourceTree = "<group>"; };
		83EBF5E525D893680041D21D /* Assets.xcassets */ = {isa = PBXFileReference; lastKnownFileType = folder.assetcatalog; path = Assets.xcassets; sourceTree = "<group>"; };
		83EBF5E825D893680041D21D /* Preview Assets.xcassets */ = {isa = PBXFileReference; lastKnownFileType = folder.assetcatalog; path = "Preview Assets.xcassets"; sourceTree = "<group>"; };
		83EBF5EA25D893680041D21D /* Info.plist */ = {isa = PBXFileReference; lastKnownFileType = text.plist.xml; path = Info.plist; sourceTree = "<group>"; };
		83EBF5F225D894B10041D21D /* brand.json */ = {isa = PBXFileReference; fileEncoding = 4; lastKnownFileType = text.json; path = brand.json; sourceTree = "<group>"; };
		83EBF5F325D894B10041D21D /* player.json */ = {isa = PBXFileReference; fileEncoding = 4; lastKnownFileType = text.json; path = player.json; sourceTree = "<group>"; };
		83EBF5F425D894B10041D21D /* product.json */ = {isa = PBXFileReference; fileEncoding = 4; lastKnownFileType = text.json; path = product.json; sourceTree = "<group>"; };
		83EBF5F525D894B10041D21D /* category.json */ = {isa = PBXFileReference; fileEncoding = 4; lastKnownFileType = text.json; path = category.json; sourceTree = "<group>"; };
		83EBF60425D8A4050041D21D /* Constants.swift */ = {isa = PBXFileReference; lastKnownFileType = sourcecode.swift; path = Constants.swift; sourceTree = "<group>"; };
		83EBF60725D8A4F50041D21D /* FooterView.swift */ = {isa = PBXFileReference; lastKnownFileType = sourcecode.swift; path = FooterView.swift; sourceTree = "<group>"; };
/* End PBXFileReference section */

/* Begin PBXFrameworksBuildPhase section */
		83EBF5DB25D893670041D21D /* Frameworks */ = {
			isa = PBXFrameworksBuildPhase;
			buildActionMask = 2147483647;
			files = (
			);
			runOnlyForDeploymentPostprocessing = 0;
		};
/* End PBXFrameworksBuildPhase section */

/* Begin PBXGroup section */
		83EBF5D525D893670041D21D = {
			isa = PBXGroup;
			children = (
				83EBF5E025D893670041D21D /* Touchdown */,
				83EBF5DF25D893670041D21D /* Products */,
			);
			sourceTree = "<group>";
		};
		83EBF5DF25D893670041D21D /* Products */ = {
			isa = PBXGroup;
			children = (
				83EBF5DE25D893670041D21D /* Touchdown.app */,
			);
			name = Products;
			sourceTree = "<group>";
		};
		83EBF5E025D893670041D21D /* Touchdown */ = {
			isa = PBXGroup;
			children = (
				83EBF5FC25D8964C0041D21D /* App */,
				83EBF5FE25D8966B0041D21D /* View */,
				83EBF60125D896910041D21D /* Model */,
				83EBF5F125D894920041D21D /* Data */,
				83EBF60325D896A70041D21D /* Utililty */,
				83EBF60225D896970041D21D /* Extension */,
				83EBF5EA25D893680041D21D /* Info.plist */,
				83EBF5E525D893680041D21D /* Assets.xcassets */,
				83EBF5E725D893680041D21D /* Preview Content */,
			);
			path = Touchdown;
			sourceTree = "<group>";
		};
		83EBF5E725D893680041D21D /* Preview Content */ = {
			isa = PBXGroup;
			children = (
				83EBF5E825D893680041D21D /* Preview Assets.xcassets */,
			);
			path = "Preview Content";
			sourceTree = "<group>";
		};
		83EBF5F125D894920041D21D /* Data */ = {
			isa = PBXGroup;
			children = (
				83EBF5F225D894B10041D21D /* brand.json */,
				83EBF5F525D894B10041D21D /* category.json */,
				83EBF5F325D894B10041D21D /* player.json */,
				83EBF5F425D894B10041D21D /* product.json */,
			);
			path = Data;
			sourceTree = "<group>";
		};
		83EBF5FC25D8964C0041D21D /* App */ = {
			isa = PBXGroup;
			children = (
				83EBF5E125D893670041D21D /* TouchdownApp.swift */,
				83EBF5E325D893670041D21D /* ContentView.swift */,
			);
			path = App;
			sourceTree = "<group>";
		};
		83EBF5FE25D8966B0041D21D /* View */ = {
			isa = PBXGroup;
			children = (
				83EBF60025D896770041D21D /* Detail */,
				83EBF5FF25D896710041D21D /* Home */,
			);
			path = View;
			sourceTree = "<group>";
		};
		83EBF5FF25D896710041D21D /* Home */ = {
			isa = PBXGroup;
			children = (
				83EBF60725D8A4F50041D21D /* FooterView.swift */,
			);
			path = Home;
			sourceTree = "<group>";
		};
		83EBF60025D896770041D21D /* Detail */ = {
			isa = PBXGroup;
			children = (
			);
			path = Detail;
			sourceTree = "<group>";
		};
		83EBF60125D896910041D21D /* Model */ = {
			isa = PBXGroup;
			children = (
			);
			path = Model;
			sourceTree = "<group>";
		};
		83EBF60225D896970041D21D /* Extension */ = {
			isa = PBXGroup;
			children = (
			);
			path = Extension;
			sourceTree = "<group>";
		};
		83EBF60325D896A70041D21D /* Utililty */ = {
			isa = PBXGroup;
			children = (
				83EBF60425D8A4050041D21D /* Constants.swift */,
			);
			path = Utililty;
			sourceTree = "<group>";
		};
/* End PBXGroup section */

/* Begin PBXNativeTarget section */
		83EBF5DD25D893670041D21D /* Touchdown */ = {
			isa = PBXNativeTarget;
			buildConfigurationList = 83EBF5ED25D893680041D21D /* Build configuration list for PBXNativeTarget "Touchdown" */;
			buildPhases = (
				83EBF5DA25D893670041D21D /* Sources */,
				83EBF5DB25D893670041D21D /* Frameworks */,
				83EBF5DC25D893670041D21D /* Resources */,
			);
			buildRules = (
			);
			dependencies = (
			);
			name = Touchdown;
			productName = Touchdown;
			productReference = 83EBF5DE25D893670041D21D /* Touchdown.app */;
			productType = "com.apple.product-type.application";
		};
/* End PBXNativeTarget section */

/* Begin PBXProject section */
		83EBF5D625D893670041D21D /* Project object */ = {
			isa = PBXProject;
			attributes = {
				LastSwiftUpdateCheck = 1240;
				LastUpgradeCheck = 1240;
				TargetAttributes = {
					83EBF5DD25D893670041D21D = {
						CreatedOnToolsVersion = 12.4;
					};
				};
			};
			buildConfigurationList = 83EBF5D925D893670041D21D /* Build configuration list for PBXProject "Touchdown" */;
			compatibilityVersion = "Xcode 9.3";
			developmentRegion = en;
			hasScannedForEncodings = 0;
			knownRegions = (
				en,
				Base,
			);
			mainGroup = 83EBF5D525D893670041D21D;
			productRefGroup = 83EBF5DF25D893670041D21D /* Products */;
			projectDirPath = "";
			projectRoot = "";
			targets = (
				83EBF5DD25D893670041D21D /* Touchdown */,
			);
		};
/* End PBXProject section */

/* Begin PBXResourcesBuildPhase section */
		83EBF5DC25D893670041D21D /* Resources */ = {
			isa = PBXResourcesBuildPhase;
			buildActionMask = 2147483647;
			files = (
				83EBF5F725D894B10041D21D /* player.json in Resources */,
				83EBF5E925D893680041D21D /* Preview Assets.xcassets in Resources */,
				83EBF5E625D893680041D21D /* Assets.xcassets in Resources */,
				83EBF5F925D894B10041D21D /* category.json in Resources */,
				83EBF5F625D894B10041D21D /* brand.json in Resources */,
				83EBF5F825D894B10041D21D /* product.json in Resources */,
			);
			runOnlyForDeploymentPostprocessing = 0;
		};
/* End PBXResourcesBuildPhase section */

/* Begin PBXSourcesBuildPhase section */
		83EBF5DA25D893670041D21D /* Sources */ = {
			isa = PBXSourcesBuildPhase;
			buildActionMask = 2147483647;
			files = (
				83EBF5E425D893670041D21D /* ContentView.swift in Sources */,
				83EBF60825D8A4F50041D21D /* FooterView.swift in Sources */,
				83EBF5E225D893670041D21D /* TouchdownApp.swift in Sources */,
				83EBF60525D8A4050041D21D /* Constants.swift in Sources */,
			);
			runOnlyForDeploymentPostprocessing = 0;
		};
/* End PBXSourcesBuildPhase section */

/* Begin XCBuildConfiguration section */
		83EBF5EB25D893680041D21D /* Debug */ = {
			isa = XCBuildConfiguration;
			buildSettings = {
				ALWAYS_SEARCH_USER_PATHS = NO;
				CLANG_ANALYZER_NONNULL = YES;
				CLANG_ANALYZER_NUMBER_OBJECT_CONVERSION = YES_AGGRESSIVE;
				CLANG_CXX_LANGUAGE_STANDARD = "gnu++14";
				CLANG_CXX_LIBRARY = "libc++";
				CLANG_ENABLE_MODULES = YES;
				CLANG_ENABLE_OBJC_ARC = YES;
				CLANG_ENABLE_OBJC_WEAK = YES;
				CLANG_WARN_BLOCK_CAPTURE_AUTORELEASING = YES;
				CLANG_WARN_BOOL_CONVERSION = YES;
				CLANG_WARN_COMMA = YES;
				CLANG_WARN_CONSTANT_CONVERSION = YES;
				CLANG_WARN_DEPRECATED_OBJC_IMPLEMENTATIONS = YES;
				CLANG_WARN_DIRECT_OBJC_ISA_USAGE = YES_ERROR;
				CLANG_WARN_DOCUMENTATION_COMMENTS = YES;
				CLANG_WARN_EMPTY_BODY = YES;
				CLANG_WARN_ENUM_CONVERSION = YES;
				CLANG_WARN_INFINITE_RECURSION = YES;
				CLANG_WARN_INT_CONVERSION = YES;
				CLANG_WARN_NON_LITERAL_NULL_CONVERSION = YES;
				CLANG_WARN_OBJC_IMPLICIT_RETAIN_SELF = YES;
				CLANG_WARN_OBJC_LITERAL_CONVERSION = YES;
				CLANG_WARN_OBJC_ROOT_CLASS = YES_ERROR;
				CLANG_WARN_QUOTED_INCLUDE_IN_FRAMEWORK_HEADER = YES;
				CLANG_WARN_RANGE_LOOP_ANALYSIS = YES;
				CLANG_WARN_STRICT_PROTOTYPES = YES;
				CLANG_WARN_SUSPICIOUS_MOVE = YES;
				CLANG_WARN_UNGUARDED_AVAILABILITY = YES_AGGRESSIVE;
				CLANG_WARN_UNREACHABLE_CODE = YES;
				CLANG_WARN__DUPLICATE_METHOD_MATCH = YES;
				COPY_PHASE_STRIP = NO;
				DEBUG_INFORMATION_FORMAT = dwarf;
				ENABLE_STRICT_OBJC_MSGSEND = YES;
				ENABLE_TESTABILITY = YES;
				GCC_C_LANGUAGE_STANDARD = gnu11;
				GCC_DYNAMIC_NO_PIC = NO;
				GCC_NO_COMMON_BLOCKS = YES;
				GCC_OPTIMIZATION_LEVEL = 0;
				GCC_PREPROCESSOR_DEFINITIONS = (
					"DEBUG=1",
					"$(inherited)",
				);
				GCC_WARN_64_TO_32_BIT_CONVERSION = YES;
				GCC_WARN_ABOUT_RETURN_TYPE = YES_ERROR;
				GCC_WARN_UNDECLARED_SELECTOR = YES;
				GCC_WARN_UNINITIALIZED_AUTOS = YES_AGGRESSIVE;
				GCC_WARN_UNUSED_FUNCTION = YES;
				GCC_WARN_UNUSED_VARIABLE = YES;
				IPHONEOS_DEPLOYMENT_TARGET = 14.4;
				MTL_ENABLE_DEBUG_INFO = INCLUDE_SOURCE;
				MTL_FAST_MATH = YES;
				ONLY_ACTIVE_ARCH = YES;
				SDKROOT = iphoneos;
				SWIFT_ACTIVE_COMPILATION_CONDITIONS = DEBUG;
				SWIFT_OPTIMIZATION_LEVEL = "-Onone";
			};
			name = Debug;
		};
		83EBF5EC25D893680041D21D /* Release */ = {
			isa = XCBuildConfiguration;
			buildSettings = {
				ALWAYS_SEARCH_USER_PATHS = NO;
				CLANG_ANALYZER_NONNULL = YES;
				CLANG_ANALYZER_NUMBER_OBJECT_CONVERSION = YES_AGGRESSIVE;
				CLANG_CXX_LANGUAGE_STANDARD = "gnu++14";
				CLANG_CXX_LIBRARY = "libc++";
				CLANG_ENABLE_MODULES = YES;
				CLANG_ENABLE_OBJC_ARC = YES;
				CLANG_ENABLE_OBJC_WEAK = YES;
				CLANG_WARN_BLOCK_CAPTURE_AUTORELEASING = YES;
				CLANG_WARN_BOOL_CONVERSION = YES;
				CLANG_WARN_COMMA = YES;
				CLANG_WARN_CONSTANT_CONVERSION = YES;
				CLANG_WARN_DEPRECATED_OBJC_IMPLEMENTATIONS = YES;
				CLANG_WARN_DIRECT_OBJC_ISA_USAGE = YES_ERROR;
				CLANG_WARN_DOCUMENTATION_COMMENTS = YES;
				CLANG_WARN_EMPTY_BODY = YES;
				CLANG_WARN_ENUM_CONVERSION = YES;
				CLANG_WARN_INFINITE_RECURSION = YES;
				CLANG_WARN_INT_CONVERSION = YES;
				CLANG_WARN_NON_LITERAL_NULL_CONVERSION = YES;
				CLANG_WARN_OBJC_IMPLICIT_RETAIN_SELF = YES;
				CLANG_WARN_OBJC_LITERAL_CONVERSION = YES;
				CLANG_WARN_OBJC_ROOT_CLASS = YES_ERROR;
				CLANG_WARN_QUOTED_INCLUDE_IN_FRAMEWORK_HEADER = YES;
				CLANG_WARN_RANGE_LOOP_ANALYSIS = YES;
				CLANG_WARN_STRICT_PROTOTYPES = YES;
				CLANG_WARN_SUSPICIOUS_MOVE = YES;
				CLANG_WARN_UNGUARDED_AVAILABILITY = YES_AGGRESSIVE;
				CLANG_WARN_UNREACHABLE_CODE = YES;
				CLANG_WARN__DUPLICATE_METHOD_MATCH = YES;
				COPY_PHASE_STRIP = NO;
				DEBUG_INFORMATION_FORMAT = "dwarf-with-dsym";
				ENABLE_NS_ASSERTIONS = NO;
				ENABLE_STRICT_OBJC_MSGSEND = YES;
				GCC_C_LANGUAGE_STANDARD = gnu11;
				GCC_NO_COMMON_BLOCKS = YES;
				GCC_WARN_64_TO_32_BIT_CONVERSION = YES;
				GCC_WARN_ABOUT_RETURN_TYPE = YES_ERROR;
				GCC_WARN_UNDECLARED_SELECTOR = YES;
				GCC_WARN_UNINITIALIZED_AUTOS = YES_AGGRESSIVE;
				GCC_WARN_UNUSED_FUNCTION = YES;
				GCC_WARN_UNUSED_VARIABLE = YES;
				IPHONEOS_DEPLOYMENT_TARGET = 14.4;
				MTL_ENABLE_DEBUG_INFO = NO;
				MTL_FAST_MATH = YES;
				SDKROOT = iphoneos;
				SWIFT_COMPILATION_MODE = wholemodule;
				SWIFT_OPTIMIZATION_LEVEL = "-O";
				VALIDATE_PRODUCT = YES;
			};
			name = Release;
		};
		83EBF5EE25D893680041D21D /* Debug */ = {
			isa = XCBuildConfiguration;
			buildSettings = {
				ASSETCATALOG_COMPILER_APPICON_NAME = AppIcon;
				ASSETCATALOG_COMPILER_GLOBAL_ACCENT_COLOR_NAME = AccentColor;
				CODE_SIGN_STYLE = Automatic;
				DEVELOPMENT_ASSET_PATHS = "\"Touchdown/Preview Content\"";
				DEVELOPMENT_TEAM = RDD45JXSRK;
				ENABLE_PREVIEWS = YES;
				INFOPLIST_FILE = Touchdown/Info.plist;
				IPHONEOS_DEPLOYMENT_TARGET = 14.0;
				LD_RUNPATH_SEARCH_PATHS = (
					"$(inherited)",
					"@executable_path/Frameworks",
				);
				PRODUCT_BUNDLE_IDENTIFIER = com.pintailconsultingllc.Touchdown;
				PRODUCT_NAME = "$(TARGET_NAME)";
				SWIFT_VERSION = 5.0;
				TARGETED_DEVICE_FAMILY = "1,2";
			};
			name = Debug;
		};
		83EBF5EF25D893680041D21D /* Release */ = {
			isa = XCBuildConfiguration;
			buildSettings = {
				ASSETCATALOG_COMPILER_APPICON_NAME = AppIcon;
				ASSETCATALOG_COMPILER_GLOBAL_ACCENT_COLOR_NAME = AccentColor;
				CODE_SIGN_STYLE = Automatic;
				DEVELOPMENT_ASSET_PATHS = "\"Touchdown/Preview Content\"";
				DEVELOPMENT_TEAM = RDD45JXSRK;
				ENABLE_PREVIEWS = YES;
				INFOPLIST_FILE = Touchdown/Info.plist;
				IPHONEOS_DEPLOYMENT_TARGET = 14.0;
				LD_RUNPATH_SEARCH_PATHS = (
					"$(inherited)",
					"@executable_path/Frameworks",
				);
				PRODUCT_BUNDLE_IDENTIFIER = com.pintailconsultingllc.Touchdown;
				PRODUCT_NAME = "$(TARGET_NAME)";
				SWIFT_VERSION = 5.0;
				TARGETED_DEVICE_FAMILY = "1,2";
			};
			name = Release;
		};
/* End XCBuildConfiguration section */

/* Begin XCConfigurationList section */
		83EBF5D925D893670041D21D /* Build configuration list for PBXProject "Touchdown" */ = {
			isa = XCConfigurationList;
			buildConfigurations = (
				83EBF5EB25D893680041D21D /* Debug */,
				83EBF5EC25D893680041D21D /* Release */,
			);
			defaultConfigurationIsVisible = 0;
			defaultConfigurationName = Release;
		};
		83EBF5ED25D893680041D21D /* Build configuration list for PBXNativeTarget "Touchdown" */ = {
			isa = XCConfigurationList;
			buildConfigurations = (
				83EBF5EE25D893680041D21D /* Debug */,
				83EBF5EF25D893680041D21D /* Release */,
			);
			defaultConfigurationIsVisible = 0;
			defaultConfigurationName = Release;
		};
/* End XCConfigurationList section */
	};
	rootObject = 83EBF5D625D893670041D21D /* Project object */;
}
