// !$*UTF8*$!
{
	archiveVersion = 1;
	classes = {
	};
	objectVersion = 50;
	objects = {

/* Begin PBXBuildFile section */
		8305386425DDFC48007F06E5 /* PlayerModel.swift in Sources */ = {isa = PBXBuildFile; fileRef = 8305386325DDFC48007F06E5 /* PlayerModel.swift */; };
		8305386725DDFCB4007F06E5 /* CodableBundleExtension.swift in Sources */ = {isa = PBXBuildFile; fileRef = 8305386625DDFCB4007F06E5 /* CodableBundleExtension.swift */; };
		8305386A25DE0445007F06E5 /* FeaturedItemView.swift in Sources */ = {isa = PBXBuildFile; fileRef = 8305386925DE0445007F06E5 /* FeaturedItemView.swift */; };
		8305386D25DE10AA007F06E5 /* FeaturedTabView.swift in Sources */ = {isa = PBXBuildFile; fileRef = 8305386C25DE10AA007F06E5 /* FeaturedTabView.swift */; };
		8318DD1125DCB3D6003F7E1D /* NavigationBarView.swift in Sources */ = {isa = PBXBuildFile; fileRef = 8318DD1025DCB3D6003F7E1D /* NavigationBarView.swift */; };
		8318DD1425DCB50A003F7E1D /* LogoView.swift in Sources */ = {isa = PBXBuildFile; fileRef = 8318DD1325DCB50A003F7E1D /* LogoView.swift */; };
		8319A7B825F0550F00340CCE /* ProductDetailView.swift in Sources */ = {isa = PBXBuildFile; fileRef = 8319A7B725F0550F00340CCE /* ProductDetailView.swift */; };
		8319A7BB25F0566D00340CCE /* NavigationBarDetailView.swift in Sources */ = {isa = PBXBuildFile; fileRef = 8319A7BA25F0566D00340CCE /* NavigationBarDetailView.swift */; };
		8319A7BE25F058C600340CCE /* HeaderDetailView.swift in Sources */ = {isa = PBXBuildFile; fileRef = 8319A7BD25F058C600340CCE /* HeaderDetailView.swift */; };
		8319A7C125F066BD00340CCE /* TopPartDetailView.swift in Sources */ = {isa = PBXBuildFile; fileRef = 8319A7C025F066BD00340CCE /* TopPartDetailView.swift */; };
		83644C7225F0C7F200E5C186 /* CustomShape.swift in Sources */ = {isa = PBXBuildFile; fileRef = 83644C7125F0C7F200E5C186 /* CustomShape.swift */; };
		8383D5F425DF84CA0035FE4B /* CategoryModel.swift in Sources */ = {isa = PBXBuildFile; fileRef = 8383D5F325DF84CA0035FE4B /* CategoryModel.swift */; };
		8383D5F725DF861E0035FE4B /* CategoryItemView.swift in Sources */ = {isa = PBXBuildFile; fileRef = 8383D5F625DF861E0035FE4B /* CategoryItemView.swift */; };
		8383D5FA25DF87FC0035FE4B /* CategoryGridView.swift in Sources */ = {isa = PBXBuildFile; fileRef = 8383D5F925DF87FC0035FE4B /* CategoryGridView.swift */; };
		8383D5FD25E002010035FE4B /* SectionView.swift in Sources */ = {isa = PBXBuildFile; fileRef = 8383D5FC25E002010035FE4B /* SectionView.swift */; };
		839553DE25F0CB530084A12D /* RatingsSizesDetailView.swift in Sources */ = {isa = PBXBuildFile; fileRef = 839553DD25F0CB530084A12D /* RatingsSizesDetailView.swift */; };
		839553E125F185F60084A12D /* QuantityFavoriteDetailView.swift in Sources */ = {isa = PBXBuildFile; fileRef = 839553E025F185F60084A12D /* QuantityFavoriteDetailView.swift */; };
		839553E425F18C1D0084A12D /* AddToCartDetailView.swift in Sources */ = {isa = PBXBuildFile; fileRef = 839553E325F18C1D0084A12D /* AddToCartDetailView.swift */; };
		83A50F4225E0987A002AB752 /* TitleView.swift in Sources */ = {isa = PBXBuildFile; fileRef = 83A50F4125E0987A002AB752 /* TitleView.swift */; };
		83A50F4525E09A7C002AB752 /* ProductModel.swift in Sources */ = {isa = PBXBuildFile; fileRef = 83A50F4425E09A7C002AB752 /* ProductModel.swift */; };
		83A50F4825E09C19002AB752 /* ProductItemView.swift in Sources */ = {isa = PBXBuildFile; fileRef = 83A50F4725E09C19002AB752 /* ProductItemView.swift */; };
		83A50F4B25E0AC77002AB752 /* BrandModel.swift in Sources */ = {isa = PBXBuildFile; fileRef = 83A50F4A25E0AC77002AB752 /* BrandModel.swift */; };
		83A50F4E25E0AD40002AB752 /* BrandItemView.swift in Sources */ = {isa = PBXBuildFile; fileRef = 83A50F4D25E0AD40002AB752 /* BrandItemView.swift */; };
		83A50F5125E0AE4A002AB752 /* BrandGridView.swift in Sources */ = {isa = PBXBuildFile; fileRef = 83A50F5025E0AE4A002AB752 /* BrandGridView.swift */; };
		83EBF5E225D893670041D21D /* TouchdownApp.swift in Sources */ = {isa = PBXBuildFile; fileRef = 83EBF5E125D893670041D21D /* TouchdownApp.swift */; };
		83EBF5E425D893670041D21D /* ContentView.swift in Sources */ = {isa = PBXBuildFile; fileRef = 83EBF5E325D893670041D21D /* ContentView.swift */; };
		83EBF5E625D893680041D21D /* Assets.xcassets in Resources */ = {isa = PBXBuildFile; fileRef = 83EBF5E525D893680041D21D /* Assets.xcassets */; };
		83EBF5E925D893680041D21D /* Preview Assets.xcassets in Resources */ = {isa = PBXBuildFile; fileRef = 83EBF5E825D893680041D21D /* Preview Assets.xcassets */; };
		83EBF5F625D894B10041D21D /* brand.json in Resources */ = {isa = PBXBuildFile; fileRef = 83EBF5F225D894B10041D21D /* brand.json */; };
		83EBF5F725D894B10041D21D /* player.json in Resources */ = {isa = PBXBuildFile; fileRef = 83EBF5F325D894B10041D21D /* player.json */; };
		83EBF5F825D894B10041D21D /* product.json in Resources */ = {isa = PBXBuildFile; fileRef = 83EBF5F425D894B10041D21D /* product.json */; };
		83EBF5F925D894B10041D21D /* category.json in Resources */ = {isa = PBXBuildFile; fileRef = 83EBF5F525D894B10041D21D /* category.json */; };
		83EBF60525D8A4050041D21D /* Constants.swift in Sources */ = {isa = PBXBuildFile; fileRef = 83EBF60425D8A4050041D21D /* Constants.swift */; };
		83EBF60825D8A4F50041D21D /* FooterView.swift in Sources */ = {isa = PBXBuildFile; fileRef = 83EBF60725D8A4F50041D21D /* FooterView.swift */; };
/* End PBXBuildFile section */

/* Begin PBXFileReference section */
		8305386325DDFC48007F06E5 /* PlayerModel.swift */ = {isa = PBXFileReference; lastKnownFileType = sourcecode.swift; path = PlayerModel.swift; sourceTree = "<group>"; };
		8305386625DDFCB4007F06E5 /* CodableBundleExtension.swift */ = {isa = PBXFileReference; lastKnownFileType = sourcecode.swift; path = CodableBundleExtension.swift; sourceTree = "<group>"; };
		8305386925DE0445007F06E5 /* FeaturedItemView.swift */ = {isa = PBXFileReference; lastKnownFileType = sourcecode.swift; path = FeaturedItemView.swift; sourceTree = "<group>"; };
		8305386C25DE10AA007F06E5 /* FeaturedTabView.swift */ = {isa = PBXFileReference; lastKnownFileType = sourcecode.swift; path = FeaturedTabView.swift; sourceTree = "<group>"; };
		8318DD1025DCB3D6003F7E1D /* NavigationBarView.swift */ = {isa = PBXFileReference; lastKnownFileType = sourcecode.swift; path = NavigationBarView.swift; sourceTree = "<group>"; };
		8318DD1325DCB50A003F7E1D /* LogoView.swift */ = {isa = PBXFileReference; lastKnownFileType = sourcecode.swift; path = LogoView.swift; sourceTree = "<group>"; };
		8319A7B725F0550F00340CCE /* ProductDetailView.swift */ = {isa = PBXFileReference; lastKnownFileType = sourcecode.swift; path = ProductDetailView.swift; sourceTree = "<group>"; };
		8319A7BA25F0566D00340CCE /* NavigationBarDetailView.swift */ = {isa = PBXFileReference; lastKnownFileType = sourcecode.swift; path = NavigationBarDetailView.swift; sourceTree = "<group>"; };
		8319A7BD25F058C600340CCE /* HeaderDetailView.swift */ = {isa = PBXFileReference; lastKnownFileType = sourcecode.swift; path = HeaderDetailView.swift; sourceTree = "<group>"; };
		8319A7C025F066BD00340CCE /* TopPartDetailView.swift */ = {isa = PBXFileReference; lastKnownFileType = sourcecode.swift; path = TopPartDetailView.swift; sourceTree = "<group>"; };
		83644C7125F0C7F200E5C186 /* CustomShape.swift */ = {isa = PBXFileReference; lastKnownFileType = sourcecode.swift; path = CustomShape.swift; sourceTree = "<group>"; };
		8383D5F325DF84CA0035FE4B /* CategoryModel.swift */ = {isa = PBXFileReference; lastKnownFileType = sourcecode.swift; path = CategoryModel.swift; sourceTree = "<group>"; };
		8383D5F625DF861E0035FE4B /* CategoryItemView.swift */ = {isa = PBXFileReference; lastKnownFileType = sourcecode.swift; path = CategoryItemView.swift; sourceTree = "<group>"; };
		8383D5F925DF87FC0035FE4B /* CategoryGridView.swift */ = {isa = PBXFileReference; lastKnownFileType = sourcecode.swift; path = CategoryGridView.swift; sourceTree = "<group>"; };
		8383D5FC25E002010035FE4B /* SectionView.swift */ = {isa = PBXFileReference; lastKnownFileType = sourcecode.swift; path = SectionView.swift; sourceTree = "<group>"; };
		839553DD25F0CB530084A12D /* RatingsSizesDetailView.swift */ = {isa = PBXFileReference; lastKnownFileType = sourcecode.swift; path = RatingsSizesDetailView.swift; sourceTree = "<group>"; };
		839553E025F185F60084A12D /* QuantityFavoriteDetailView.swift */ = {isa = PBXFileReference; lastKnownFileType = sourcecode.swift; path = QuantityFavoriteDetailView.swift; sourceTree = "<group>"; };
		839553E325F18C1D0084A12D /* AddToCartDetailView.swift */ = {isa = PBXFileReference; lastKnownFileType = sourcecode.swift; path = AddToCartDetailView.swift; sourceTree = "<group>"; };
		83A50F4125E0987A002AB752 /* TitleView.swift */ = {isa = PBXFileReference; lastKnownFileType = sourcecode.swift; path = TitleView.swift; sourceTree = "<group>"; };
		83A50F4425E09A7C002AB752 /* ProductModel.swift */ = {isa = PBXFileReference; lastKnownFileType = sourcecode.swift; path = ProductModel.swift; sourceTree = "<group>"; };
		83A50F4725E09C19002AB752 /* ProductItemView.swift */ = {isa = PBXFileReference; lastKnownFileType = sourcecode.swift; path = ProductItemView.swift; sourceTree = "<group>"; };
		83A50F4A25E0AC77002AB752 /* BrandModel.swift */ = {isa = PBXFileReference; lastKnownFileType = sourcecode.swift; path = BrandModel.swift; sourceTree = "<group>"; };
		83A50F4D25E0AD40002AB752 /* BrandItemView.swift */ = {isa = PBXFileReference; lastKnownFileType = sourcecode.swift; path = BrandItemView.swift; sourceTree = "<group>"; };
		83A50F5025E0AE4A002AB752 /* BrandGridView.swift */ = {isa = PBXFileReference; lastKnownFileType = sourcecode.swift; path = BrandGridView.swift; sourceTree = "<group>"; };
		83EBF5DE25D893670041D21D /* Touchdown.app */ = {isa = PBXFileReference; explicitFileType = wrapper.application; includeInIndex = 0; path = Touchdown.app; sourceTree = BUILT_PRODUCTS_DIR; };
		83EBF5E125D893670041D21D /* TouchdownApp.swift */ = {isa = PBXFileReference; lastKnownFileType = sourcecode.swift; path = TouchdownApp.swift; sourceTree = "<group>"; };
		83EBF5E325D893670041D21D /* ContentView.swift */ = {isa = PBXFileReference; lastKnownFileType = sourcecode.swift; path = ContentView.swift; sourceTree = "<group>"; };
		83EBF5E525D893680041D21D /* Assets.xcassets */ = {isa = PBXFileReference; lastKnownFileType = folder.assetcatalog; path = Assets.xcassets; sourceTree = "<group>"; };
		83EBF5E825D893680041D21D /* Preview Assets.xcassets */ = {isa = PBXFileReference; lastKnownFileType = folder.assetcatalog; path = "Preview Assets.xcassets"; sourceTree = "<group>"; };
		83EBF5EA25D893680041D21D /* Info.plist */ = {isa = PBXFileReference; lastKnownFileType = text.plist.xml; path = Info.plist; sourceTree = "<group>"; };
		83EBF5F225D894B10041D21D /* brand.json */ = {isa = PBXFileReference; fileEncoding = 4; lastKnownFileType = text.json; path = brand.json; sourceTree = "<group>"; };
		83EBF5F325D894B10041D21D /* player.json */ = {isa = PBXFileReference; fileEncoding = 4; lastKnownFileType = text.json; path = player.json; sourceTree = "<group>"; };
		83EBF5F425D894B10041D21D /* product.json */ = {isa = PBXFileReference; fileEncoding = 4; lastKnownFileType = text.json; path = product.json; sourceTree = "<group>"; };
		83EBF5F525D894B10041D21D /* category.json */ = {isa = PBXFileReference; fileEncoding = 4; lastKnownFileType = text.json; path = category.json; sourceTree = "<group>"; };
		83EBF60425D8A4050041D21D /* Constants.swift */ = {isa = PBXFileReference; lastKnownFileType = sourcecode.swift; path = Constants.swift; sourceTree = "<group>"; };
		83EBF60725D8A4F50041D21D /* FooterView.swift */ = {isa = PBXFileReference; lastKnownFileType = sourcecode.swift; path = FooterView.swift; sourceTree = "<group>"; };
/* End PBXFileReference section */

/* Begin PBXFrameworksBuildPhase section */
		83EBF5DB25D893670041D21D /* Frameworks */ = {
			isa = PBXFrameworksBuildPhase;
			buildActionMask = 2147483647;
			files = (
			);
			runOnlyForDeploymentPostprocessing = 0;
		};
/* End PBXFrameworksBuildPhase section */

/* Begin PBXGroup section */
		83EBF5D525D893670041D21D = {
			isa = PBXGroup;
			children = (
				83EBF5E025D893670041D21D /* Touchdown */,
				83EBF5DF25D893670041D21D /* Products */,
			);
			sourceTree = "<group>";
		};
		83EBF5DF25D893670041D21D /* Products */ = {
			isa = PBXGroup;
			children = (
				83EBF5DE25D893670041D21D /* Touchdown.app */,
			);
			name = Products;
			sourceTree = "<group>";
		};
		83EBF5E025D893670041D21D /* Touchdown */ = {
			isa = PBXGroup;
			children = (
				83EBF5FC25D8964C0041D21D /* App */,
				83EBF5FE25D8966B0041D21D /* View */,
				83EBF60125D896910041D21D /* Model */,
				83EBF5F125D894920041D21D /* Data */,
				83EBF60325D896A70041D21D /* Utililty */,
				83EBF60225D896970041D21D /* Extension */,
				83EBF5EA25D893680041D21D /* Info.plist */,
				83EBF5E525D893680041D21D /* Assets.xcassets */,
				83EBF5E725D893680041D21D /* Preview Content */,
			);
			path = Touchdown;
			sourceTree = "<group>";
		};
		83EBF5E725D893680041D21D /* Preview Content */ = {
			isa = PBXGroup;
			children = (
				83EBF5E825D893680041D21D /* Preview Assets.xcassets */,
			);
			path = "Preview Content";
			sourceTree = "<group>";
		};
		83EBF5F125D894920041D21D /* Data */ = {
			isa = PBXGroup;
			children = (
				83EBF5F225D894B10041D21D /* brand.json */,
				83EBF5F525D894B10041D21D /* category.json */,
				83EBF5F325D894B10041D21D /* player.json */,
				83EBF5F425D894B10041D21D /* product.json */,
			);
			path = Data;
			sourceTree = "<group>";
		};
		83EBF5FC25D8964C0041D21D /* App */ = {
			isa = PBXGroup;
			children = (
				83EBF5E125D893670041D21D /* TouchdownApp.swift */,
				83EBF5E325D893670041D21D /* ContentView.swift */,
				8319A7B725F0550F00340CCE /* ProductDetailView.swift */,
			);
			path = App;
			sourceTree = "<group>";
		};
		83EBF5FE25D8966B0041D21D /* View */ = {
			isa = PBXGroup;
			children = (
				83EBF60025D896770041D21D /* Detail */,
				83EBF5FF25D896710041D21D /* Home */,
			);
			path = View;
			sourceTree = "<group>";
		};
		83EBF5FF25D896710041D21D /* Home */ = {
			isa = PBXGroup;
			children = (
				83EBF60725D8A4F50041D21D /* FooterView.swift */,
				8318DD1025DCB3D6003F7E1D /* NavigationBarView.swift */,
				8318DD1325DCB50A003F7E1D /* LogoView.swift */,
				8305386925DE0445007F06E5 /* FeaturedItemView.swift */,
				8305386C25DE10AA007F06E5 /* FeaturedTabView.swift */,
				8383D5F625DF861E0035FE4B /* CategoryItemView.swift */,
				8383D5F925DF87FC0035FE4B /* CategoryGridView.swift */,
				8383D5FC25E002010035FE4B /* SectionView.swift */,
				83A50F4125E0987A002AB752 /* TitleView.swift */,
				83A50F4725E09C19002AB752 /* ProductItemView.swift */,
				83A50F4D25E0AD40002AB752 /* BrandItemView.swift */,
				83A50F5025E0AE4A002AB752 /* BrandGridView.swift */,
			);
			path = Home;
			sourceTree = "<group>";
		};
		83EBF60025D896770041D21D /* Detail */ = {
			isa = PBXGroup;
			children = (
				8319A7BA25F0566D00340CCE /* NavigationBarDetailView.swift */,
				8319A7BD25F058C600340CCE /* HeaderDetailView.swift */,
				8319A7C025F066BD00340CCE /* TopPartDetailView.swift */,
				839553DD25F0CB530084A12D /* RatingsSizesDetailView.swift */,
				839553E025F185F60084A12D /* QuantityFavoriteDetailView.swift */,
				839553E325F18C1D0084A12D /* AddToCartDetailView.swift */,
			);
			path = Detail;
			sourceTree = "<group>";
		};
		83EBF60125D896910041D21D /* Model */ = {
			isa = PBXGroup;
			children = (
				8305386325DDFC48007F06E5 /* PlayerModel.swift */,
				8383D5F325DF84CA0035FE4B /* CategoryModel.swift */,
				83A50F4425E09A7C002AB752 /* ProductModel.swift */,
				83A50F4A25E0AC77002AB752 /* BrandModel.swift */,
			);
			path = Model;
			sourceTree = "<group>";
		};
		83EBF60225D896970041D21D /* Extension */ = {
			isa = PBXGroup;
			children = (
				8305386625DDFCB4007F06E5 /* CodableBundleExtension.swift */,
			);
			path = Extension;
			sourceTree = "<group>";
		};
		83EBF60325D896A70041D21D /* Utililty */ = {
			isa = PBXGroup;
			children = (
				83EBF60425D8A4050041D21D /* Constants.swift */,
				83644C7125F0C7F200E5C186 /* CustomShape.swift */,
			);
			path = Utililty;
			sourceTree = "<group>";
		};
/* End PBXGroup section */

/* Begin PBXNativeTarget section */
		83EBF5DD25D893670041D21D /* Touchdown */ = {
			isa = PBXNativeTarget;
			buildConfigurationList = 83EBF5ED25D893680041D21D /* Build configuration list for PBXNativeTarget "Touchdown" */;
			buildPhases = (
				83EBF5DA25D893670041D21D /* Sources */,
				83EBF5DB25D893670041D21D /* Frameworks */,
				83EBF5DC25D893670041D21D /* Resources */,
			);
			buildRules = (
			);
			dependencies = (
			);
			name = Touchdown;
			productName = Touchdown;
			productReference = 83EBF5DE25D893670041D21D /* Touchdown.app */;
			productType = "com.apple.product-type.application";
		};
/* End PBXNativeTarget section */

/* Begin PBXProject section */
		83EBF5D625D893670041D21D /* Project object */ = {
			isa = PBXProject;
			attributes = {
				LastSwiftUpdateCheck = 1240;
				LastUpgradeCheck = 1240;
				TargetAttributes = {
					83EBF5DD25D893670041D21D = {
						CreatedOnToolsVersion = 12.4;
					};
				};
			};
			buildConfigurationList = 83EBF5D925D893670041D21D /* Build configuration list for PBXProject "Touchdown" */;
			compatibilityVersion = "Xcode 9.3";
			developmentRegion = en;
			hasScannedForEncodings = 0;
			knownRegions = (
				en,
				Base,
			);
			mainGroup = 83EBF5D525D893670041D21D;
			productRefGroup = 83EBF5DF25D893670041D21D /* Products */;
			projectDirPath = "";
			projectRoot = "";
			targets = (
				83EBF5DD25D893670041D21D /* Touchdown */,
			);
		};
/* End PBXProject section */

/* Begin PBXResourcesBuildPhase section */
		83EBF5DC25D893670041D21D /* Resources */ = {
			isa = PBXResourcesBuildPhase;
			buildActionMask = 2147483647;
			files = (
				83EBF5F725D894B10041D21D /* player.json in Resources */,
				83EBF5E925D893680041D21D /* Preview Assets.xcassets in Resources */,
				83EBF5E625D893680041D21D /* Assets.xcassets in Resources */,
				83EBF5F925D894B10041D21D /* category.json in Resources */,
				83EBF5F625D894B10041D21D /* brand.json in Resources */,
				83EBF5F825D894B10041D21D /* product.json in Resources */,
			);
			runOnlyForDeploymentPostprocessing = 0;
		};
/* End PBXResourcesBuildPhase section */

/* Begin PBXSourcesBuildPhase section */
		83EBF5DA25D893670041D21D /* Sources */ = {
			isa = PBXSourcesBuildPhase;
			buildActionMask = 2147483647;
			files = (
				8305386725DDFCB4007F06E5 /* CodableBundleExtension.swift in Sources */,
				8319A7BE25F058C600340CCE /* HeaderDetailView.swift in Sources */,
				8319A7C125F066BD00340CCE /* TopPartDetailView.swift in Sources */,
				83EBF5E425D893670041D21D /* ContentView.swift in Sources */,
				839553E125F185F60084A12D /* QuantityFavoriteDetailView.swift in Sources */,
				8318DD1425DCB50A003F7E1D /* LogoView.swift in Sources */,
				83EBF60825D8A4F50041D21D /* FooterView.swift in Sources */,
				8305386A25DE0445007F06E5 /* FeaturedItemView.swift in Sources */,
				839553E425F18C1D0084A12D /* AddToCartDetailView.swift in Sources */,
				83A50F4825E09C19002AB752 /* ProductItemView.swift in Sources */,
				83A50F5125E0AE4A002AB752 /* BrandGridView.swift in Sources */,
				839553DE25F0CB530084A12D /* RatingsSizesDetailView.swift in Sources */,
				83EBF5E225D893670041D21D /* TouchdownApp.swift in Sources */,
				8319A7B825F0550F00340CCE /* ProductDetailView.swift in Sources */,
				8319A7BB25F0566D00340CCE /* NavigationBarDetailView.swift in Sources */,
				83EBF60525D8A4050041D21D /* Constants.swift in Sources */,
				8383D5FA25DF87FC0035FE4B /* CategoryGridView.swift in Sources */,
				8383D5F425DF84CA0035FE4B /* CategoryModel.swift in Sources */,
				8318DD1125DCB3D6003F7E1D /* NavigationBarView.swift in Sources */,
				8383D5FD25E002010035FE4B /* SectionView.swift in Sources */,
				83A50F4E25E0AD40002AB752 /* BrandItemView.swift in Sources */,
				8383D5F725DF861E0035FE4B /* CategoryItemView.swift in Sources */,
				8305386D25DE10AA007F06E5 /* FeaturedTabView.swift in Sources */,
				83644C7225F0C7F200E5C186 /* CustomShape.swift in Sources */,
				8305386425DDFC48007F06E5 /* PlayerModel.swift in Sources */,
				83A50F4B25E0AC77002AB752 /* BrandModel.swift in Sources */,
				83A50F4225E0987A002AB752 /* TitleView.swift in Sources */,
				83A50F4525E09A7C002AB752 /* ProductModel.swift in Sources */,
			);
			runOnlyForDeploymentPostprocessing = 0;
		};
/* End PBXSourcesBuildPhase section */

/* Begin XCBuildConfiguration section */
		83EBF5EB25D893680041D21D /* Debug */ = {
			isa = XCBuildConfiguration;
			buildSettings = {
				ALWAYS_SEARCH_USER_PATHS = NO;
				CLANG_ANALYZER_NONNULL = YES;
				CLANG_ANALYZER_NUMBER_OBJECT_CONVERSION = YES_AGGRESSIVE;
				CLANG_CXX_LANGUAGE_STANDARD = "gnu++14";
				CLANG_CXX_LIBRARY = "libc++";
				CLANG_ENABLE_MODULES = YES;
				CLANG_ENABLE_OBJC_ARC = YES;
				CLANG_ENABLE_OBJC_WEAK = YES;
				CLANG_WARN_BLOCK_CAPTURE_AUTORELEASING = YES;
				CLANG_WARN_BOOL_CONVERSION = YES;
				CLANG_WARN_COMMA = YES;
				CLANG_WARN_CONSTANT_CONVERSION = YES;
				CLANG_WARN_DEPRECATED_OBJC_IMPLEMENTATIONS = YES;
				CLANG_WARN_DIRECT_OBJC_ISA_USAGE = YES_ERROR;
				CLANG_WARN_DOCUMENTATION_COMMENTS = YES;
				CLANG_WARN_EMPTY_BODY = YES;
				CLANG_WARN_ENUM_CONVERSION = YES;
				CLANG_WARN_INFINITE_RECURSION = YES;
				CLANG_WARN_INT_CONVERSION = YES;
				CLANG_WARN_NON_LITERAL_NULL_CONVERSION = YES;
				CLANG_WARN_OBJC_IMPLICIT_RETAIN_SELF = YES;
				CLANG_WARN_OBJC_LITERAL_CONVERSION = YES;
				CLANG_WARN_OBJC_ROOT_CLASS = YES_ERROR;
				CLANG_WARN_QUOTED_INCLUDE_IN_FRAMEWORK_HEADER = YES;
				CLANG_WARN_RANGE_LOOP_ANALYSIS = YES;
				CLANG_WARN_STRICT_PROTOTYPES = YES;
				CLANG_WARN_SUSPICIOUS_MOVE = YES;
				CLANG_WARN_UNGUARDED_AVAILABILITY = YES_AGGRESSIVE;
				CLANG_WARN_UNREACHABLE_CODE = YES;
				CLANG_WARN__DUPLICATE_METHOD_MATCH = YES;
				COPY_PHASE_STRIP = NO;
				DEBUG_INFORMATION_FORMAT = dwarf;
				ENABLE_STRICT_OBJC_MSGSEND = YES;
				ENABLE_TESTABILITY = YES;
				GCC_C_LANGUAGE_STANDARD = gnu11;
				GCC_DYNAMIC_NO_PIC = NO;
				GCC_NO_COMMON_BLOCKS = YES;
				GCC_OPTIMIZATION_LEVEL = 0;
				GCC_PREPROCESSOR_DEFINITIONS = (
					"DEBUG=1",
					"$(inherited)",
				);
				GCC_WARN_64_TO_32_BIT_CONVERSION = YES;
				GCC_WARN_ABOUT_RETURN_TYPE = YES_ERROR;
				GCC_WARN_UNDECLARED_SELECTOR = YES;
				GCC_WARN_UNINITIALIZED_AUTOS = YES_AGGRESSIVE;
				GCC_WARN_UNUSED_FUNCTION = YES;
				GCC_WARN_UNUSED_VARIABLE = YES;
				IPHONEOS_DEPLOYMENT_TARGET = 14.4;
				MTL_ENABLE_DEBUG_INFO = INCLUDE_SOURCE;
				MTL_FAST_MATH = YES;
				ONLY_ACTIVE_ARCH = YES;
				SDKROOT = iphoneos;
				SWIFT_ACTIVE_COMPILATION_CONDITIONS = DEBUG;
				SWIFT_OPTIMIZATION_LEVEL = "-Onone";
			};
			name = Debug;
		};
		83EBF5EC25D893680041D21D /* Release */ = {
			isa = XCBuildConfiguration;
			buildSettings = {
				ALWAYS_SEARCH_USER_PATHS = NO;
				CLANG_ANALYZER_NONNULL = YES;
				CLANG_ANALYZER_NUMBER_OBJECT_CONVERSION = YES_AGGRESSIVE;
				CLANG_CXX_LANGUAGE_STANDARD = "gnu++14";
				CLANG_CXX_LIBRARY = "libc++";
				CLANG_ENABLE_MODULES = YES;
				CLANG_ENABLE_OBJC_ARC = YES;
				CLANG_ENABLE_OBJC_WEAK = YES;
				CLANG_WARN_BLOCK_CAPTURE_AUTORELEASING = YES;
				CLANG_WARN_BOOL_CONVERSION = YES;
				CLANG_WARN_COMMA = YES;
				CLANG_WARN_CONSTANT_CONVERSION = YES;
				CLANG_WARN_DEPRECATED_OBJC_IMPLEMENTATIONS = YES;
				CLANG_WARN_DIRECT_OBJC_ISA_USAGE = YES_ERROR;
				CLANG_WARN_DOCUMENTATION_COMMENTS = YES;
				CLANG_WARN_EMPTY_BODY = YES;
				CLANG_WARN_ENUM_CONVERSION = YES;
				CLANG_WARN_INFINITE_RECURSION = YES;
				CLANG_WARN_INT_CONVERSION = YES;
				CLANG_WARN_NON_LITERAL_NULL_CONVERSION = YES;
				CLANG_WARN_OBJC_IMPLICIT_RETAIN_SELF = YES;
				CLANG_WARN_OBJC_LITERAL_CONVERSION = YES;
				CLANG_WARN_OBJC_ROOT_CLASS = YES_ERROR;
				CLANG_WARN_QUOTED_INCLUDE_IN_FRAMEWORK_HEADER = YES;
				CLANG_WARN_RANGE_LOOP_ANALYSIS = YES;
				CLANG_WARN_STRICT_PROTOTYPES = YES;
				CLANG_WARN_SUSPICIOUS_MOVE = YES;
				CLANG_WARN_UNGUARDED_AVAILABILITY = YES_AGGRESSIVE;
				CLANG_WARN_UNREACHABLE_CODE = YES;
				CLANG_WARN__DUPLICATE_METHOD_MATCH = YES;
				COPY_PHASE_STRIP = NO;
				DEBUG_INFORMATION_FORMAT = "dwarf-with-dsym";
				ENABLE_NS_ASSERTIONS = NO;
				ENABLE_STRICT_OBJC_MSGSEND = YES;
				GCC_C_LANGUAGE_STANDARD = gnu11;
				GCC_NO_COMMON_BLOCKS = YES;
				GCC_WARN_64_TO_32_BIT_CONVERSION = YES;
				GCC_WARN_ABOUT_RETURN_TYPE = YES_ERROR;
				GCC_WARN_UNDECLARED_SELECTOR = YES;
				GCC_WARN_UNINITIALIZED_AUTOS = YES_AGGRESSIVE;
				GCC_WARN_UNUSED_FUNCTION = YES;
				GCC_WARN_UNUSED_VARIABLE = YES;
				IPHONEOS_DEPLOYMENT_TARGET = 14.4;
				MTL_ENABLE_DEBUG_INFO = NO;
				MTL_FAST_MATH = YES;
				SDKROOT = iphoneos;
				SWIFT_COMPILATION_MODE = wholemodule;
				SWIFT_OPTIMIZATION_LEVEL = "-O";
				VALIDATE_PRODUCT = YES;
			};
			name = Release;
		};
		83EBF5EE25D893680041D21D /* Debug */ = {
			isa = XCBuildConfiguration;
			buildSettings = {
				ASSETCATALOG_COMPILER_APPICON_NAME = AppIcon;
				ASSETCATALOG_COMPILER_GLOBAL_ACCENT_COLOR_NAME = AccentColor;
				CODE_SIGN_STYLE = Automatic;
				DEVELOPMENT_ASSET_PATHS = "\"Touchdown/Preview Content\"";
				DEVELOPMENT_TEAM = RDD45JXSRK;
				ENABLE_PREVIEWS = YES;
				INFOPLIST_FILE = Touchdown/Info.plist;
				IPHONEOS_DEPLOYMENT_TARGET = 14.0;
				LD_RUNPATH_SEARCH_PATHS = (
					"$(inherited)",
					"@executable_path/Frameworks",
				);
				PRODUCT_BUNDLE_IDENTIFIER = com.pintailconsultingllc.Touchdown;
				PRODUCT_NAME = "$(TARGET_NAME)";
				SWIFT_VERSION = 5.0;
				TARGETED_DEVICE_FAMILY = "1,2";
			};
			name = Debug;
		};
		83EBF5EF25D893680041D21D /* Release */ = {
			isa = XCBuildConfiguration;
			buildSettings = {
				ASSETCATALOG_COMPILER_APPICON_NAME = AppIcon;
				ASSETCATALOG_COMPILER_GLOBAL_ACCENT_COLOR_NAME = AccentColor;
				CODE_SIGN_STYLE = Automatic;
				DEVELOPMENT_ASSET_PATHS = "\"Touchdown/Preview Content\"";
				DEVELOPMENT_TEAM = RDD45JXSRK;
				ENABLE_PREVIEWS = YES;
				INFOPLIST_FILE = Touchdown/Info.plist;
				IPHONEOS_DEPLOYMENT_TARGET = 14.0;
				LD_RUNPATH_SEARCH_PATHS = (
					"$(inherited)",
					"@executable_path/Frameworks",
				);
				PRODUCT_BUNDLE_IDENTIFIER = com.pintailconsultingllc.Touchdown;
				PRODUCT_NAME = "$(TARGET_NAME)";
				SWIFT_VERSION = 5.0;
				TARGETED_DEVICE_FAMILY = "1,2";
			};
			name = Release;
		};
/* End XCBuildConfiguration section */

/* Begin XCConfigurationList section */
		83EBF5D925D893670041D21D /* Build configuration list for PBXProject "Touchdown" */ = {
			isa = XCConfigurationList;
			buildConfigurations = (
				83EBF5EB25D893680041D21D /* Debug */,
				83EBF5EC25D893680041D21D /* Release */,
			);
			defaultConfigurationIsVisible = 0;
			defaultConfigurationName = Release;
		};
		83EBF5ED25D893680041D21D /* Build configuration list for PBXNativeTarget "Touchdown" */ = {
			isa = XCConfigurationList;
			buildConfigurations = (
				83EBF5EE25D893680041D21D /* Debug */,
				83EBF5EF25D893680041D21D /* Release */,
			);
			defaultConfigurationIsVisible = 0;
			defaultConfigurationName = Release;
		};
/* End XCConfigurationList section */
	};
	rootObject = 83EBF5D625D893670041D21D /* Project object */;
}
